
Microsoft Visual Studio Solution File, Format Version 12.00
# Visual Studio 15
VisualStudioVersion = 15.0.26730.16
MinimumVisualStudioVersion = 10.0.40219.1
Project("{FAE04EC0-301F-11D3-BF4B-00C04F79EFBC}") = "NoteBoard", "NoteBoard\NoteBoard.csproj", "{4974818F-CE49-4AAE-AB5A-1B5DD9579DDC}"
EndProject
Global
	GlobalSection(SolutionConfigurationPlatforms) = preSolution
		Debug|Any CPU = Debug|Any CPU
		Release|Any CPU = Release|Any CPU
	EndGlobalSection
	GlobalSection(ProjectConfigurationPlatforms) = postSolution
		{4974818F-CE49-4AAE-AB5A-1B5DD9579DDC}.Debug|Any CPU.ActiveCfg = Debug|Any CPU
		{4974818F-CE49-4AAE-AB5A-1B5DD9579DDC}.Debug|Any CPU.Build.0 = Debug|Any CPU
		{4974818F-CE49-4AAE-AB5A-1B5DD9579DDC}.Release|Any CPU.ActiveCfg = Release|Any CPU
		{4974818F-CE49-4AAE-AB5A-1B5DD9579DDC}.Release|Any CPU.Build.0 = Release|Any CPU
	EndGlobalSection
	GlobalSection(SolutionProperties) = preSolution
		HideSolutionNode = FALSE
	EndGlobalSection
	GlobalSection(ExtensibilityGlobals) = postSolution
		SolutionGuid = {D99A3A45-8EEB-43F5-8A8F-657BD1CC324B}
	EndGlobalSection
EndGlobal
